
Microsoft Visual Studio Solution File, Format Version 12.00
# Visual Studio 14
VisualStudioVersion = 14.0.24720.0
MinimumVisualStudioVersion = 10.0.40219.1
Project("{FAE04EC0-301F-11D3-BF4B-00C04F79EFBC}") = "RaiseTheBar.Tests", "RaiseTheBar.Tests\RaiseTheBar.Tests.csproj", "{7E92C436-DED1-4F83-B39A-2AE29B09E5CF}"
EndProject
Project("{FAE04EC0-301F-11D3-BF4B-00C04F79EFBC}") = "RaiseTheBar", "RaiseTheBar\RaiseTheBar.csproj", "{E42E82EF-D131-41B3-BB2A-5283740C2287}"
EndProject
Global
	GlobalSection(SolutionConfigurationPlatforms) = preSolution
		Debug|Any CPU = Debug|Any CPU
		Release|Any CPU = Release|Any CPU
	EndGlobalSection
	GlobalSection(ProjectConfigurationPlatforms) = postSolution
		{7E92C436-DED1-4F83-B39A-2AE29B09E5CF}.Debug|Any CPU.ActiveCfg = Debug|Any CPU
		{7E92C436-DED1-4F83-B39A-2AE29B09E5CF}.Debug|Any CPU.Build.0 = Debug|Any CPU
		{7E92C436-DED1-4F83-B39A-2AE29B09E5CF}.Release|Any CPU.ActiveCfg = Release|Any CPU
		{7E92C436-DED1-4F83-B39A-2AE29B09E5CF}.Release|Any CPU.Build.0 = Release|Any CPU
		{E42E82EF-D131-41B3-BB2A-5283740C2287}.Debug|Any CPU.ActiveCfg = Debug|Any CPU
		{E42E82EF-D131-41B3-BB2A-5283740C2287}.Debug|Any CPU.Build.0 = Debug|Any CPU
		{E42E82EF-D131-41B3-BB2A-5283740C2287}.Release|Any CPU.ActiveCfg = Release|Any CPU
		{E42E82EF-D131-41B3-BB2A-5283740C2287}.Release|Any CPU.Build.0 = Release|Any CPU
	EndGlobalSection
	GlobalSection(SolutionProperties) = preSolution
		HideSolutionNode = FALSE
	EndGlobalSection
EndGlobal
